PODS:
  - Flutter (1.0.0)
  - flutter_plugin_mipush (0.0.1):
    - Flutter

DEPENDENCIES:
  - Flutter (from `Flutter`)
  - flutter_plugin_mipush (from `.symlinks/plugins/flutter_plugin_mipush/ios`)

EXTERNAL SOURCES:
  Flutter:
    :path: Flutter
  flutter_plugin_mipush:
    :path: ".symlinks/plugins/flutter_plugin_mipush/ios"

SPEC CHECKSUMS:
  Flutter: 0e3d915762c693b495b44d77113d4970485de6ec
  flutter_plugin_mipush: 4d219ef36efcc4cb329762c49104bcab30650758

PODFILE CHECKSUM: aafe91acc616949ddb318b77800a7f51bffa2a4c

COCOAPODS: 1.9.3
